lockfileVersion: '9.0'

settings:
  autoInstallPeers: true
  excludeLinksFromLockfile: false

importers:

  .:
    dependencies:
      '@xmldom/xmldom':
        specifier: ^0.8.12
        version: 0.8.12

packages:

  '@xmldom/xmldom@0.8.12':
    resolution: {integrity: sha512-9k/gHF6n/pAi/9tqr3m3aqkuiNosYTurLLUtc7xQ9sxB/wm7WPygCv8GYa6mS0fLJEHhqMC1ATYhz++U/lRHqg==}
    engines: {node: '>=10.0.0'}

snapshots:

  '@xmldom/xmldom@0.8.12': {}
